
Microsoft Visual Studio Solution File, Format Version 12.00
# Visual Studio Version 17
VisualStudioVersion = 17.3.32922.545
MinimumVisualStudioVersion = 10.0.40219.1
Project("{8BC9CEB8-8B4A-11D0-8D11-00A0C91BC942}") = "gltfviewer", "gltfviewer.vcxproj", "{3FE1D4B0-F713-40CC-89EE-3353F95814DD}"
EndProject
Project("{8BC9CEB8-8B4A-11D0-8D11-00A0C91BC942}") = "testapp", "testapp\testapp.vcxproj", "{2652B137-D007-4458-A780-DA609B1030D5}"
	ProjectSection(ProjectDependencies) = postProject
		{3FE1D4B0-F713-40CC-89EE-3353F95814DD} = {3FE1D4B0-F713-40CC-89EE-3353F95814DD}
	EndProjectSection
EndProject
Global
	GlobalSection(SolutionConfigurationPlatforms) = preSolution
		Debug|x64 = Debug|x64
		Release|x64 = Release|x64
	EndGlobalSection
	GlobalSection(ProjectConfigurationPlatforms) = postSolution
		{3FE1D4B0-F713-40CC-89EE-3353F95814DD}.Debug|x64.ActiveCfg = Debug|x64
		{3FE1D4B0-F713-40CC-89EE-3353F95814DD}.Debug|x64.Build.0 = Debug|x64
		{3FE1D4B0-F713-40CC-89EE-3353F95814DD}.Release|x64.ActiveCfg = Release|x64
		{3FE1D4B0-F713-40CC-89EE-3353F95814DD}.Release|x64.Build.0 = Release|x64
		{2652B137-D007-4458-A780-DA609B1030D5}.Debug|x64.ActiveCfg = Debug|x64
		{2652B137-D007-4458-A780-DA609B1030D5}.Debug|x64.Build.0 = Debug|x64
		{2652B137-D007-4458-A780-DA609B1030D5}.Release|x64.ActiveCfg = Release|x64
		{2652B137-D007-4458-A780-DA609B1030D5}.Release|x64.Build.0 = Release|x64
	EndGlobalSection
	GlobalSection(SolutionProperties) = preSolution
		HideSolutionNode = FALSE
	EndGlobalSection
	GlobalSection(ExtensibilityGlobals) = postSolution
		SolutionGuid = {386C2822-D3AD-46A1-A71B-45BD685E592B}
	EndGlobalSection
EndGlobal
